// !$*UTF8*$!
{
	archiveVersion = 1;
	classes = {
	};
	objectVersion = 50;
	objects = {

/* Begin PBXBuildFile section */
		F726A19E215DD2D200E6C39E /* AppDelegate.swift in Sources */ = {isa = PBXBuildFile; fileRef = F726A19D215DD2D200E6C39E /* AppDelegate.swift */; };
		F726A1A0215DD2D200E6C39E /* ViewController.swift in Sources */ = {isa = PBXBuildFile; fileRef = F726A19F215DD2D200E6C39E /* ViewController.swift */; };
		F726A1A3215DD2D200E6C39E /* Main.storyboard in Resources */ = {isa = PBXBuildFile; fileRef = F726A1A1215DD2D200E6C39E /* Main.storyboard */; };
		F726A1A5215DD2D300E6C39E /* Assets.xcassets in Resources */ = {isa = PBXBuildFile; fileRef = F726A1A4215DD2D300E6C39E /* Assets.xcassets */; };
		F726A1A8215DD2D300E6C39E /* LaunchScreen.storyboard in Resources */ = {isa = PBXBuildFile; fileRef = F726A1A6215DD2D300E6C39E /* LaunchScreen.storyboard */; };
		F726A1B3215DD2D300E6C39E /* NotificationUnitTestTests.swift in Sources */ = {isa = PBXBuildFile; fileRef = F726A1B2215DD2D300E6C39E /* NotificationUnitTestTests.swift */; };
		F726A1BE215DD2D300E6C39E /* NotificationUnitTestUITests.swift in Sources */ = {isa = PBXBuildFile; fileRef = F726A1BD215DD2D300E6C39E /* NotificationUnitTestUITests.swift */; };
/* End PBXBuildFile section */

/* Begin PBXContainerItemProxy section */
		F726A1AF215DD2D300E6C39E /* PBXContainerItemProxy */ = {
			isa = PBXContainerItemProxy;
			containerPortal = F726A192215DD2D200E6C39E /* Project object */;
			proxyType = 1;
			remoteGlobalIDString = F726A199215DD2D200E6C39E;
			remoteInfo = NotificationUnitTest;
		};
		F726A1BA215DD2D300E6C39E /* PBXContainerItemProxy */ = {
			isa = PBXContainerItemProxy;
			containerPortal = F726A192215DD2D200E6C39E /* Project object */;
			proxyType = 1;
			remoteGlobalIDString = F726A199215DD2D200E6C39E;
			remoteInfo = NotificationUnitTest;
		};
/* End PBXContainerItemProxy section */

/* Begin PBXFileReference section */
		F726A19A215DD2D200E6C39E /* NotificationUnitTest.app */ = {isa = PBXFileReference; explicitFileType = wrapper.application; includeInIndex = 0; path = NotificationUnitTest.app; sourceTree = BUILT_PRODUCTS_DIR; };
		F726A19D215DD2D200E6C39E /* AppDelegate.swift */ = {isa = PBXFileReference; lastKnownFileType = sourcecode.swift; path = AppDelegate.swift; sourceTree = "<group>"; };
		F726A19F215DD2D200E6C39E /* ViewController.swift */ = {isa = PBXFileReference; lastKnownFileType = sourcecode.swift; path = ViewController.swift; sourceTree = "<group>"; };
		F726A1A2215DD2D200E6C39E /* Base */ = {isa = PBXFileReference; lastKnownFileType = file.storyboard; name = Base; path = Base.lproj/Main.storyboard; sourceTree = "<group>"; };
		F726A1A4215DD2D300E6C39E /* Assets.xcassets */ = {isa = PBXFileReference; lastKnownFileType = folder.assetcatalog; path = Assets.xcassets; sourceTree = "<group>"; };
		F726A1A7215DD2D300E6C39E /* Base */ = {isa = PBXFileReference; lastKnownFileType = file.storyboard; name = Base; path = Base.lproj/LaunchScreen.storyboard; sourceTree = "<group>"; };
		F726A1A9215DD2D300E6C39E /* Info.plist */ = {isa = PBXFileReference; lastKnownFileType = text.plist.xml; path = Info.plist; sourceTree = "<group>"; };
		F726A1AE215DD2D300E6C39E /* NotificationUnitTestTests.xctest */ = {isa = PBXFileReference; explicitFileType = wrapper.cfbundle; includeInIndex = 0; path = NotificationUnitTestTests.xctest; sourceTree = BUILT_PRODUCTS_DIR; };
		F726A1B2215DD2D300E6C39E /* NotificationUnitTestTests.swift */ = {isa = PBXFileReference; lastKnownFileType = sourcecode.swift; path = NotificationUnitTestTests.swift; sourceTree = "<group>"; };
		F726A1B4215DD2D300E6C39E /* Info.plist */ = {isa = PBXFileReference; lastKnownFileType = text.plist.xml; path = Info.plist; sourceTree = "<group>"; };
		F726A1B9215DD2D300E6C39E /* NotificationUnitTestUITests.xctest */ = {isa = PBXFileReference; explicitFileType = wrapper.cfbundle; includeInIndex = 0; path = NotificationUnitTestUITests.xctest; sourceTree = BUILT_PRODUCTS_DIR; };
		F726A1BD215DD2D300E6C39E /* NotificationUnitTestUITests.swift */ = {isa = PBXFileReference; lastKnownFileType = sourcecode.swift; path = NotificationUnitTestUITests.swift; sourceTree = "<group>"; };
		F726A1BF215DD2D300E6C39E /* Info.plist */ = {isa = PBXFileReference; lastKnownFileType = text.plist.xml; path = Info.plist; sourceTree = "<group>"; };
/* End PBXFileReference section */

/* Begin PBXFrameworksBuildPhase section */
		F726A197215DD2D200E6C39E /* Frameworks */ = {
			isa = PBXFrameworksBuildPhase;
			buildActionMask = 2147483647;
			files = (
			);
			runOnlyForDeploymentPostprocessing = 0;
		};
		F726A1AB215DD2D300E6C39E /* Frameworks */ = {
			isa = PBXFrameworksBuildPhase;
			buildActionMask = 2147483647;
			files = (
			);
			runOnlyForDeploymentPostprocessing = 0;
		};
		F726A1B6215DD2D300E6C39E /* Frameworks */ = {
			isa = PBXFrameworksBuildPhase;
			buildActionMask = 2147483647;
			files = (
			);
			runOnlyForDeploymentPostprocessing = 0;
		};
/* End PBXFrameworksBuildPhase section */

/* Begin PBXGroup section */
		F726A191215DD2D200E6C39E = {
			isa = PBXGroup;
			children = (
				F726A19C215DD2D200E6C39E /* NotificationUnitTest */,
				F726A1B1215DD2D300E6C39E /* NotificationUnitTestTests */,
				F726A1BC215DD2D300E6C39E /* NotificationUnitTestUITests */,
				F726A19B215DD2D200E6C39E /* Products */,
			);
			sourceTree = "<group>";
		};
		F726A19B215DD2D200E6C39E /* Products */ = {
			isa = PBXGroup;
			children = (
				F726A19A215DD2D200E6C39E /* NotificationUnitTest.app */,
				F726A1AE215DD2D300E6C39E /* NotificationUnitTestTests.xctest */,
				F726A1B9215DD2D300E6C39E /* NotificationUnitTestUITests.xctest */,
			);
			name = Products;
			sourceTree = "<group>";
		};
		F726A19C215DD2D200E6C39E /* NotificationUnitTest */ = {
			isa = PBXGroup;
			children = (
				F726A19D215DD2D200E6C39E /* AppDelegate.swift */,
				F726A19F215DD2D200E6C39E /* ViewController.swift */,
				F726A1A1215DD2D200E6C39E /* Main.storyboard */,
				F726A1A4215DD2D300E6C39E /* Assets.xcassets */,
				F726A1A6215DD2D300E6C39E /* LaunchScreen.storyboard */,
				F726A1A9215DD2D300E6C39E /* Info.plist */,
			);
			path = NotificationUnitTest;
			sourceTree = "<group>";
		};
		F726A1B1215DD2D300E6C39E /* NotificationUnitTestTests */ = {
			isa = PBXGroup;
			children = (
				F726A1B2215DD2D300E6C39E /* NotificationUnitTestTests.swift */,
				F726A1B4215DD2D300E6C39E /* Info.plist */,
			);
			path = NotificationUnitTestTests;
			sourceTree = "<group>";
		};
		F726A1BC215DD2D300E6C39E /* NotificationUnitTestUITests */ = {
			isa = PBXGroup;
			children = (
				F726A1BD215DD2D300E6C39E /* NotificationUnitTestUITests.swift */,
				F726A1BF215DD2D300E6C39E /* Info.plist */,
			);
			path = NotificationUnitTestUITests;
			sourceTree = "<group>";
		};
/* End PBXGroup section */

/* Begin PBXNativeTarget section */
		F726A199215DD2D200E6C39E /* NotificationUnitTest */ = {
			isa = PBXNativeTarget;
			buildConfigurationList = F726A1C2215DD2D300E6C39E /* Build configuration list for PBXNativeTarget "NotificationUnitTest" */;
			buildPhases = (
				F726A196215DD2D200E6C39E /* Sources */,
				F726A197215DD2D200E6C39E /* Frameworks */,
				F726A198215DD2D200E6C39E /* Resources */,
			);
			buildRules = (
			);
			dependencies = (
			);
			name = NotificationUnitTest;
			productName = NotificationUnitTest;
			productReference = F726A19A215DD2D200E6C39E /* NotificationUnitTest.app */;
			productType = "com.apple.product-type.application";
		};
		F726A1AD215DD2D300E6C39E /* NotificationUnitTestTests */ = {
			isa = PBXNativeTarget;
			buildConfigurationList = F726A1C5215DD2D300E6C39E /* Build configuration list for PBXNativeTarget "NotificationUnitTestTests" */;
			buildPhases = (
				F726A1AA215DD2D300E6C39E /* Sources */,
				F726A1AB215DD2D300E6C39E /* Frameworks */,
				F726A1AC215DD2D300E6C39E /* Resources */,
			);
			buildRules = (
			);
			dependencies = (
				F726A1B0215DD2D300E6C39E /* PBXTargetDependency */,
			);
			name = NotificationUnitTestTests;
			productName = NotificationUnitTestTests;
			productReference = F726A1AE215DD2D300E6C39E /* NotificationUnitTestTests.xctest */;
			productType = "com.apple.product-type.bundle.unit-test";
		};
		F726A1B8215DD2D300E6C39E /* NotificationUnitTestUITests */ = {
			isa = PBXNativeTarget;
			buildConfigurationList = F726A1C8215DD2D300E6C39E /* Build configuration list for PBXNativeTarget "NotificationUnitTestUITests" */;
			buildPhases = (
				F726A1B5215DD2D300E6C39E /* Sources */,
				F726A1B6215DD2D300E6C39E /* Frameworks */,
				F726A1B7215DD2D300E6C39E /* Resources */,
			);
			buildRules = (
			);
			dependencies = (
				F726A1BB215DD2D300E6C39E /* PBXTargetDependency */,
			);
			name = NotificationUnitTestUITests;
			productName = NotificationUnitTestUITests;
			productReference = F726A1B9215DD2D300E6C39E /* NotificationUnitTestUITests.xctest */;
			productType = "com.apple.product-type.bundle.ui-testing";
		};
/* End PBXNativeTarget section */

/* Begin PBXProject section */
		F726A192215DD2D200E6C39E /* Project object */ = {
			isa = PBXProject;
			attributes = {
				LastSwiftUpdateCheck = 0940;
				LastUpgradeCheck = 0940;
				ORGANIZATIONNAME = "童星";
				TargetAttributes = {
					F726A199215DD2D200E6C39E = {
						CreatedOnToolsVersion = 9.4.1;
					};
					F726A1AD215DD2D300E6C39E = {
						CreatedOnToolsVersion = 9.4.1;
						TestTargetID = F726A199215DD2D200E6C39E;
					};
					F726A1B8215DD2D300E6C39E = {
						CreatedOnToolsVersion = 9.4.1;
						TestTargetID = F726A199215DD2D200E6C39E;
					};
				};
			};
			buildConfigurationList = F726A195215DD2D200E6C39E /* Build configuration list for PBXProject "NotificationUnitTest" */;
			compatibilityVersion = "Xcode 9.3";
			developmentRegion = en;
			hasScannedForEncodings = 0;
			knownRegions = (
				en,
				Base,
			);
			mainGroup = F726A191215DD2D200E6C39E;
			productRefGroup = F726A19B215DD2D200E6C39E /* Products */;
			projectDirPath = "";
			projectRoot = "";
			targets = (
				F726A199215DD2D200E6C39E /* NotificationUnitTest */,
				F726A1AD215DD2D300E6C39E /* NotificationUnitTestTests */,
				F726A1B8215DD2D300E6C39E /* NotificationUnitTestUITests */,
			);
		};
/* End PBXProject section */

/* Begin PBXResourcesBuildPhase section */
		F726A198215DD2D200E6C39E /* Resources */ = {
			isa = PBXResourcesBuildPhase;
			buildActionMask = 2147483647;
			files = (
				F726A1A8215DD2D300E6C39E /* LaunchScreen.storyboard in Resources */,
				F726A1A5215DD2D300E6C39E /* Assets.xcassets in Resources */,
				F726A1A3215DD2D200E6C39E /* Main.storyboard in Resources */,
			);
			runOnlyForDeploymentPostprocessing = 0;
		};
		F726A1AC215DD2D300E6C39E /* Resources */ = {
			isa = PBXResourcesBuildPhase;
			buildActionMask = 2147483647;
			files = (
			);
			runOnlyForDeploymentPostprocessing = 0;
		};
		F726A1B7215DD2D300E6C39E /* Resources */ = {
			isa = PBXResourcesBuildPhase;
			buildActionMask = 2147483647;
			files = (
			);
			runOnlyForDeploymentPostprocessing = 0;
		};
/* End PBXResourcesBuildPhase section */

/* Begin PBXSourcesBuildPhase section */
		F726A196215DD2D200E6C39E /* Sources */ = {
			isa = PBXSourcesBuildPhase;
			buildActionMask = 2147483647;
			files = (
				F726A1A0215DD2D200E6C39E /* ViewController.swift in Sources */,
				F726A19E215DD2D200E6C39E /* AppDelegate.swift in Sources */,
			);
			runOnlyForDeploymentPostprocessing = 0;
		};
		F726A1AA215DD2D300E6C39E /* Sources */ = {
			isa = PBXSourcesBuildPhase;
			buildActionMask = 2147483647;
			files = (
				F726A1B3215DD2D300E6C39E /* NotificationUnitTestTests.swift in Sources */,
			);
			runOnlyForDeploymentPostprocessing = 0;
		};
		F726A1B5215DD2D300E6C39E /* Sources */ = {
			isa = PBXSourcesBuildPhase;
			buildActionMask = 2147483647;
			files = (
				F726A1BE215DD2D300E6C39E /* NotificationUnitTestUITests.swift in Sources */,
			);
			runOnlyForDeploymentPostprocessing = 0;
		};
/* End PBXSourcesBuildPhase section */

/* Begin PBXTargetDependency section */
		F726A1B0215DD2D300E6C39E /* PBXTargetDependency */ = {
			isa = PBXTargetDependency;
			target = F726A199215DD2D200E6C39E /* NotificationUnitTest */;
			targetProxy = F726A1AF215DD2D300E6C39E /* PBXContainerItemProxy */;
		};
		F726A1BB215DD2D300E6C39E /* PBXTargetDependency */ = {
			isa = PBXTargetDependency;
			target = F726A199215DD2D200E6C39E /* NotificationUnitTest */;
			targetProxy = F726A1BA215DD2D300E6C39E /* PBXContainerItemProxy */;
		};
/* End PBXTargetDependency section */

/* Begin PBXVariantGroup section */
		F726A1A1215DD2D200E6C39E /* Main.storyboard */ = {
			isa = PBXVariantGroup;
			children = (
				F726A1A2215DD2D200E6C39E /* Base */,
			);
			name = Main.storyboard;
			sourceTree = "<group>";
		};
		F726A1A6215DD2D300E6C39E /* LaunchScreen.storyboard */ = {
			isa = PBXVariantGroup;
			children = (
				F726A1A7215DD2D300E6C39E /* Base */,
			);
			name = LaunchScreen.storyboard;
			sourceTree = "<group>";
		};
/* End PBXVariantGroup section */

/* Begin XCBuildConfiguration section */
		F726A1C0215DD2D300E6C39E /* Debug */ = {
			isa = XCBuildConfiguration;
			buildSettings = {
				ALWAYS_SEARCH_USER_PATHS = NO;
				CLANG_ANALYZER_NONNULL = YES;
				CLANG_ANALYZER_NUMBER_OBJECT_CONVERSION = YES_AGGRESSIVE;
				CLANG_CXX_LANGUAGE_STANDARD = "gnu++14";
				CLANG_CXX_LIBRARY = "libc++";
				CLANG_ENABLE_MODULES = YES;
				CLANG_ENABLE_OBJC_ARC = YES;
				CLANG_ENABLE_OBJC_WEAK = YES;
				CLANG_WARN_BLOCK_CAPTURE_AUTORELEASING = YES;
				CLANG_WARN_BOOL_CONVERSION = YES;
				CLANG_WARN_COMMA = YES;
				CLANG_WARN_CONSTANT_CONVERSION = YES;
				CLANG_WARN_DEPRECATED_OBJC_IMPLEMENTATIONS = YES;
				CLANG_WARN_DIRECT_OBJC_ISA_USAGE = YES_ERROR;
				CLANG_WARN_DOCUMENTATION_COMMENTS = YES;
				CLANG_WARN_EMPTY_BODY = YES;
				CLANG_WARN_ENUM_CONVERSION = YES;
				CLANG_WARN_INFINITE_RECURSION = YES;
				CLANG_WARN_INT_CONVERSION = YES;
				CLANG_WARN_NON_LITERAL_NULL_CONVERSION = YES;
				CLANG_WARN_OBJC_IMPLICIT_RETAIN_SELF = YES;
				CLANG_WARN_OBJC_LITERAL_CONVERSION = YES;
				CLANG_WARN_OBJC_ROOT_CLASS = YES_ERROR;
				CLANG_WARN_RANGE_LOOP_ANALYSIS = YES;
				CLANG_WARN_STRICT_PROTOTYPES = YES;
				CLANG_WARN_SUSPICIOUS_MOVE = YES;
				CLANG_WARN_UNGUARDED_AVAILABILITY = YES_AGGRESSIVE;
				CLANG_WARN_UNREACHABLE_CODE = YES;
				CLANG_WARN__DUPLICATE_METHOD_MATCH = YES;
				CODE_SIGN_IDENTITY = "iPhone Developer";
				COPY_PHASE_STRIP = NO;
				DEBUG_INFORMATION_FORMAT = dwarf;
				ENABLE_STRICT_OBJC_MSGSEND = YES;
				ENABLE_TESTABILITY = YES;
				GCC_C_LANGUAGE_STANDARD = gnu11;
				GCC_DYNAMIC_NO_PIC = NO;
				GCC_NO_COMMON_BLOCKS = YES;
				GCC_OPTIMIZATION_LEVEL = 0;
				GCC_PREPROCESSOR_DEFINITIONS = (
					"DEBUG=1",
					"$(inherited)",
				);
				GCC_WARN_64_TO_32_BIT_CONVERSION = YES;
				GCC_WARN_ABOUT_RETURN_TYPE = YES_ERROR;
				GCC_WARN_UNDECLARED_SELECTOR = YES;
				GCC_WARN_UNINITIALIZED_AUTOS = YES_AGGRESSIVE;
				GCC_WARN_UNUSED_FUNCTION = YES;
				GCC_WARN_UNUSED_VARIABLE = YES;
				IPHONEOS_DEPLOYMENT_TARGET = 11.4;
				MTL_ENABLE_DEBUG_INFO = YES;
				ONLY_ACTIVE_ARCH = YES;
				SDKROOT = iphoneos;
				SWIFT_ACTIVE_COMPILATION_CONDITIONS = DEBUG;
				SWIFT_OPTIMIZATION_LEVEL = "-Onone";
			};
			name = Debug;
		};
		F726A1C1215DD2D300E6C39E /* Release */ = {
			isa = XCBuildConfiguration;
			buildSettings = {
				ALWAYS_SEARCH_USER_PATHS = NO;
				CLANG_ANALYZER_NONNULL = YES;
				CLANG_ANALYZER_NUMBER_OBJECT_CONVERSION = YES_AGGRESSIVE;
				CLANG_CXX_LANGUAGE_STANDARD = "gnu++14";
				CLANG_CXX_LIBRARY = "libc++";
				CLANG_ENABLE_MODULES = YES;
				CLANG_ENABLE_OBJC_ARC = YES;
				CLANG_ENABLE_OBJC_WEAK = YES;
				CLANG_WARN_BLOCK_CAPTURE_AUTORELEASING = YES;
				CLANG_WARN_BOOL_CONVERSION = YES;
				CLANG_WARN_COMMA = YES;
				CLANG_WARN_CONSTANT_CONVERSION = YES;
				CLANG_WARN_DEPRECATED_OBJC_IMPLEMENTATIONS = YES;
				CLANG_WARN_DIRECT_OBJC_ISA_USAGE = YES_ERROR;
				CLANG_WARN_DOCUMENTATION_COMMENTS = YES;
				CLANG_WARN_EMPTY_BODY = YES;
				CLANG_WARN_ENUM_CONVERSION = YES;
				CLANG_WARN_INFINITE_RECURSION = YES;
				CLANG_WARN_INT_CONVERSION = YES;
				CLANG_WARN_NON_LITERAL_NULL_CONVERSION = YES;
				CLANG_WARN_OBJC_IMPLICIT_RETAIN_SELF = YES;
				CLANG_WARN_OBJC_LITERAL_CONVERSION = YES;
				CLANG_WARN_OBJC_ROOT_CLASS = YES_ERROR;
				CLANG_WARN_RANGE_LOOP_ANALYSIS = YES;
				CLANG_WARN_STRICT_PROTOTYPES = YES;
				CLANG_WARN_SUSPICIOUS_MOVE = YES;
				CLANG_WARN_UNGUARDED_AVAILABILITY = YES_AGGRESSIVE;
				CLANG_WARN_UNREACHABLE_CODE = YES;
				CLANG_WARN__DUPLICATE_METHOD_MATCH = YES;
				CODE_SIGN_IDENTITY = "iPhone Developer";
				COPY_PHASE_STRIP = NO;
				DEBUG_INFORMATION_FORMAT = "dwarf-with-dsym";
				ENABLE_NS_ASSERTIONS = NO;
				ENABLE_STRICT_OBJC_MSGSEND = YES;
				GCC_C_LANGUAGE_STANDARD = gnu11;
				GCC_NO_COMMON_BLOCKS = YES;
				GCC_WARN_64_TO_32_BIT_CONVERSION = YES;
				GCC_WARN_ABOUT_RETURN_TYPE = YES_ERROR;
				GCC_WARN_UNDECLARED_SELECTOR = YES;
				GCC_WARN_UNINITIALIZED_AUTOS = YES_AGGRESSIVE;
				GCC_WARN_UNUSED_FUNCTION = YES;
				GCC_WARN_UNUSED_VARIABLE = YES;
				IPHONEOS_DEPLOYMENT_TARGET = 11.4;
				MTL_ENABLE_DEBUG_INFO = NO;
				SDKROOT = iphoneos;
				SWIFT_COMPILATION_MODE = wholemodule;
				SWIFT_OPTIMIZATION_LEVEL = "-O";
				VALIDATE_PRODUCT = YES;
			};
			name = Release;
		};
		F726A1C3215DD2D300E6C39E /* Debug */ = {
			isa = XCBuildConfiguration;
			buildSettings = {
				ASSETCATALOG_COMPILER_APPICON_NAME = AppIcon;
				CODE_SIGN_STYLE = Automatic;
				INFOPLIST_FILE = NotificationUnitTest/Info.plist;
				LD_RUNPATH_SEARCH_PATHS = (
					"$(inherited)",
					"@executable_path/Frameworks",
				);
				PRODUCT_BUNDLE_IDENTIFIER = com.tongxing.NotificationUnitTest;
				PRODUCT_NAME = "$(TARGET_NAME)";
				SWIFT_VERSION = 4.0;
				TARGETED_DEVICE_FAMILY = "1,2";
			};
			name = Debug;
		};
		F726A1C4215DD2D300E6C39E /* Release */ = {
			isa = XCBuildConfiguration;
			buildSettings = {
				ASSETCATALOG_COMPILER_APPICON_NAME = AppIcon;
				CODE_SIGN_STYLE = Automatic;
				INFOPLIST_FILE = NotificationUnitTest/Info.plist;
				LD_RUNPATH_SEARCH_PATHS = (
					"$(inherited)",
					"@executable_path/Frameworks",
				);
				PRODUCT_BUNDLE_IDENTIFIER = com.tongxing.NotificationUnitTest;
				PRODUCT_NAME = "$(TARGET_NAME)";
				SWIFT_VERSION = 4.0;
				TARGETED_DEVICE_FAMILY = "1,2";
			};
			name = Release;
		};
		F726A1C6215DD2D300E6C39E /* Debug */ = {
			isa = XCBuildConfiguration;
			buildSettings = {
				ALWAYS_EMBED_SWIFT_STANDARD_LIBRARIES = YES;
				BUNDLE_LOADER = "$(TEST_HOST)";
				CODE_SIGN_STYLE = Automatic;
				INFOPLIST_FILE = NotificationUnitTestTests/Info.plist;
				LD_RUNPATH_SEARCH_PATHS = (
					"$(inherited)",
					"@executable_path/Frameworks",
					"@loader_path/Frameworks",
				);
				PRODUCT_BUNDLE_IDENTIFIER = com.tongxing.NotificationUnitTestTests;
				PRODUCT_NAME = "$(TARGET_NAME)";
				SWIFT_VERSION = 4.0;
				TARGETED_DEVICE_FAMILY = "1,2";
				TEST_HOST = "$(BUILT_PRODUCTS_DIR)/NotificationUnitTest.app/NotificationUnitTest";
			};
			name = Debug;
		};
		F726A1C7215DD2D300E6C39E /* Release */ = {
			isa = XCBuildConfiguration;
			buildSettings = {
				ALWAYS_EMBED_SWIFT_STANDARD_LIBRARIES = YES;
				BUNDLE_LOADER = "$(TEST_HOST)";
				CODE_SIGN_STYLE = Automatic;
				INFOPLIST_FILE = NotificationUnitTestTests/Info.plist;
				LD_RUNPATH_SEARCH_PATHS = (
					"$(inherited)",
					"@executable_path/Frameworks",
					"@loader_path/Frameworks",
				);
				PRODUCT_BUNDLE_IDENTIFIER = com.tongxing.NotificationUnitTestTests;
				PRODUCT_NAME = "$(TARGET_NAME)";
				SWIFT_VERSION = 4.0;
				TARGETED_DEVICE_FAMILY = "1,2";
				TEST_HOST = "$(BUILT_PRODUCTS_DIR)/NotificationUnitTest.app/NotificationUnitTest";
			};
			name = Release;
		};
		F726A1C9215DD2D300E6C39E /* Debug */ = {
			isa = XCBuildConfiguration;
			buildSettings = {
				ALWAYS_EMBED_SWIFT_STANDARD_LIBRARIES = YES;
				CODE_SIGN_STYLE = Automatic;
				INFOPLIST_FILE = NotificationUnitTestUITests/Info.plist;
				LD_RUNPATH_SEARCH_PATHS = (
					"$(inherited)",
					"@executable_path/Frameworks",
					"@loader_path/Frameworks",
				);
				PRODUCT_BUNDLE_IDENTIFIER = com.tongxing.NotificationUnitTestUITests;
				PRODUCT_NAME = "$(TARGET_NAME)";
				SWIFT_VERSION = 4.0;
				TARGETED_DEVICE_FAMILY = "1,2";
				TEST_TARGET_NAME = NotificationUnitTest;
			};
			name = Debug;
		};
		F726A1CA215DD2D300E6C39E /* Release */ = {
			isa = XCBuildConfiguration;
			buildSettings = {
				ALWAYS_EMBED_SWIFT_STANDARD_LIBRARIES = YES;
				CODE_SIGN_STYLE = Automatic;
				INFOPLIST_FILE = NotificationUnitTestUITests/Info.plist;
				LD_RUNPATH_SEARCH_PATHS = (
					"$(inherited)",
					"@executable_path/Frameworks",
					"@loader_path/Frameworks",
				);
				PRODUCT_BUNDLE_IDENTIFIER = com.tongxing.NotificationUnitTestUITests;
				PRODUCT_NAME = "$(TARGET_NAME)";
				SWIFT_VERSION = 4.0;
				TARGETED_DEVICE_FAMILY = "1,2";
				TEST_TARGET_NAME = NotificationUnitTest;
			};
			name = Release;
		};
/* End XCBuildConfiguration section */

/* Begin XCConfigurationList section */
		F726A195215DD2D200E6C39E /* Build configuration list for PBXProject "NotificationUnitTest" */ = {
			isa = XCConfigurationList;
			buildConfigurations = (
				F726A1C0215DD2D300E6C39E /* Debug */,
				F726A1C1215DD2D300E6C39E /* Release */,
			);
			defaultConfigurationIsVisible = 0;
			defaultConfigurationName = Release;
		};
		F726A1C2215DD2D300E6C39E /* Build configuration list for PBXNativeTarget "NotificationUnitTest" */ = {
			isa = XCConfigurationList;
			buildConfigurations = (
				F726A1C3215DD2D300E6C39E /* Debug */,
				F726A1C4215DD2D300E6C39E /* Release */,
			);
			defaultConfigurationIsVisible = 0;
			defaultConfigurationName = Release;
		};
		F726A1C5215DD2D300E6C39E /* Build configuration list for PBXNativeTarget "NotificationUnitTestTests" */ = {
			isa = XCConfigurationList;
			buildConfigurations = (
				F726A1C6215DD2D300E6C39E /* Debug */,
				F726A1C7215DD2D300E6C39E /* Release */,
			);
			defaultConfigurationIsVisible = 0;
			defaultConfigurationName = Release;
		};
		F726A1C8215DD2D300E6C39E /* Build configuration list for PBXNativeTarget "NotificationUnitTestUITests" */ = {
			isa = XCConfigurationList;
			buildConfigurations = (
				F726A1C9215DD2D300E6C39E /* Debug */,
				F726A1CA215DD2D300E6C39E /* Release */,
			);
			defaultConfigurationIsVisible = 0;
			defaultConfigurationName = Release;
		};
/* End XCConfigurationList section */
	};
	rootObject = F726A192215DD2D200E6C39E /* Project object */;
}
